
Microsoft Visual Studio Solution File, Format Version 12.00
# Visual Studio 15
VisualStudioVersion = 15.0.27130.2010
MinimumVisualStudioVersion = 10.0.40219.1
Project("{FAE04EC0-301F-11D3-BF4B-00C04F79EFBC}") = "BingWallpaperDownloader", "BingWallpaperDownloader\BingWallpaperDownloader.csproj", "{A474FE19-F707-4B87-B96B-7C60D10775A7}"
EndProject
Global
	GlobalSection(SolutionConfigurationPlatforms) = preSolution
		Debug|Any CPU = Debug|Any CPU
		Release|Any CPU = Release|Any CPU
	EndGlobalSection
	GlobalSection(ProjectConfigurationPlatforms) = postSolution
		{A474FE19-F707-4B87-B96B-7C60D10775A7}.Debug|Any CPU.ActiveCfg = Debug|Any CPU
		{A474FE19-F707-4B87-B96B-7C60D10775A7}.Debug|Any CPU.Build.0 = Debug|Any CPU
		{A474FE19-F707-4B87-B96B-7C60D10775A7}.Release|Any CPU.ActiveCfg = Release|Any CPU
		{A474FE19-F707-4B87-B96B-7C60D10775A7}.Release|Any CPU.Build.0 = Release|Any CPU
	EndGlobalSection
	GlobalSection(SolutionProperties) = preSolution
		HideSolutionNode = FALSE
	EndGlobalSection
	GlobalSection(ExtensibilityGlobals) = postSolution
		SolutionGuid = {3992225B-E78E-4F85-B7B5-369E47A8C386}
	EndGlobalSection
EndGlobal
